
Microsoft Visual Studio Solution File, Format Version 12.00
# Visual Studio Version 17
VisualStudioVersion = 17.7.34018.315
MinimumVisualStudioVersion = 10.0.40219.1
Project("{FAE04EC0-301F-11D3-BF4B-00C04F79EFBC}") = "hometaskpractice20.10", "hometaskpractice20.10\hometaskpractice20.10.csproj", "{606B9CE8-994D-40BC-8042-4E1C2DEA8DE1}"
EndProject
Project("{FAE04EC0-301F-11D3-BF4B-00C04F79EFBC}") = "Domain", "Domain\Domain.csproj", "{F25A20A0-23D8-40B3-8D38-8161B841C817}"
EndProject
Project("{FAE04EC0-301F-11D3-BF4B-00C04F79EFBC}") = "Service", "Service\Service.csproj", "{F06704D3-A30A-43A6-8C1E-2986E31B36A9}"
EndProject
Global
	GlobalSection(SolutionConfigurationPlatforms) = preSolution
		Debug|Any CPU = Debug|Any CPU
		Release|Any CPU = Release|Any CPU
	EndGlobalSection
	GlobalSection(ProjectConfigurationPlatforms) = postSolution
		{606B9CE8-994D-40BC-8042-4E1C2DEA8DE1}.Debug|Any CPU.ActiveCfg = Debug|Any CPU
		{606B9CE8-994D-40BC-8042-4E1C2DEA8DE1}.Debug|Any CPU.Build.0 = Debug|Any CPU
		{606B9CE8-994D-40BC-8042-4E1C2DEA8DE1}.Release|Any CPU.ActiveCfg = Release|Any CPU
		{606B9CE8-994D-40BC-8042-4E1C2DEA8DE1}.Release|Any CPU.Build.0 = Release|Any CPU
		{F25A20A0-23D8-40B3-8D38-8161B841C817}.Debug|Any CPU.ActiveCfg = Debug|Any CPU
		{F25A20A0-23D8-40B3-8D38-8161B841C817}.Debug|Any CPU.Build.0 = Debug|Any CPU
		{F25A20A0-23D8-40B3-8D38-8161B841C817}.Release|Any CPU.ActiveCfg = Release|Any CPU
		{F25A20A0-23D8-40B3-8D38-8161B841C817}.Release|Any CPU.Build.0 = Release|Any CPU
		{F06704D3-A30A-43A6-8C1E-2986E31B36A9}.Debug|Any CPU.ActiveCfg = Debug|Any CPU
		{F06704D3-A30A-43A6-8C1E-2986E31B36A9}.Debug|Any CPU.Build.0 = Debug|Any CPU
		{F06704D3-A30A-43A6-8C1E-2986E31B36A9}.Release|Any CPU.ActiveCfg = Release|Any CPU
		{F06704D3-A30A-43A6-8C1E-2986E31B36A9}.Release|Any CPU.Build.0 = Release|Any CPU
	EndGlobalSection
	GlobalSection(SolutionProperties) = preSolution
		HideSolutionNode = FALSE
	EndGlobalSection
	GlobalSection(ExtensibilityGlobals) = postSolution
		SolutionGuid = {D402CA9C-C62D-4316-856C-939030364415}
	EndGlobalSection
EndGlobal
